// !$*UTF8*$!
{
	archiveVersion = 1;
	classes = {
	};
	objectVersion = 55;
	objects = {

/* Begin PBXBuildFile section */
		2CB43E0E278EB15A00C836CF /* AppDelegate.swift in Sources */ = {isa = PBXBuildFile; fileRef = 2CB43E0D278EB15A00C836CF /* AppDelegate.swift */; };
		2CB43E10278EB15A00C836CF /* SceneDelegate.swift in Sources */ = {isa = PBXBuildFile; fileRef = 2CB43E0F278EB15A00C836CF /* SceneDelegate.swift */; };
		2CB43E12278EB15A00C836CF /* MoviewSearchViewController.swift in Sources */ = {isa = PBXBuildFile; fileRef = 2CB43E11278EB15A00C836CF /* MoviewSearchViewController.swift */; };
		2CB43E17278EB15B00C836CF /* Assets.xcassets in Resources */ = {isa = PBXBuildFile; fileRef = 2CB43E16278EB15B00C836CF /* Assets.xcassets */; };
		2CB43E1A278EB15B00C836CF /* LaunchScreen.storyboard in Resources */ = {isa = PBXBuildFile; fileRef = 2CB43E18278EB15B00C836CF /* LaunchScreen.storyboard */; };
		2CB43E23278EB2B600C836CF /* MainAppCoordinator.swift in Sources */ = {isa = PBXBuildFile; fileRef = 2CB43E22278EB2B600C836CF /* MainAppCoordinator.swift */; };
		2CB43E26278EB30200C836CF /* CoordinatorProtocol.swift in Sources */ = {isa = PBXBuildFile; fileRef = 2CB43E25278EB30200C836CF /* CoordinatorProtocol.swift */; };
		2CB43E28278EB32600C836CF /* MovieSearchCoordinator.swift in Sources */ = {isa = PBXBuildFile; fileRef = 2CB43E27278EB32600C836CF /* MovieSearchCoordinator.swift */; };
		2CB43E2A278EB32F00C836CF /* AboutAppCoordinator.swift in Sources */ = {isa = PBXBuildFile; fileRef = 2CB43E29278EB32F00C836CF /* AboutAppCoordinator.swift */; };
		2CB43E2F278EB50500C836CF /* MovieSearchViewModel.swift in Sources */ = {isa = PBXBuildFile; fileRef = 2CB43E2E278EB50500C836CF /* MovieSearchViewModel.swift */; };
		2CB43E34278EB57C00C836CF /* ApiConvertible.swift in Sources */ = {isa = PBXBuildFile; fileRef = 2CB43E33278EB57C00C836CF /* ApiConvertible.swift */; };
		2CB43E36278EB58800C836CF /* ApiManager.swift in Sources */ = {isa = PBXBuildFile; fileRef = 2CB43E35278EB58800C836CF /* ApiManager.swift */; };
		2CB43E38278EB59700C836CF /* ApiError.swift in Sources */ = {isa = PBXBuildFile; fileRef = 2CB43E37278EB59700C836CF /* ApiError.swift */; };
		2CB43E3A278EB5A800C836CF /* ApiCommunication.swift in Sources */ = {isa = PBXBuildFile; fileRef = 2CB43E39278EB5A800C836CF /* ApiCommunication.swift */; };
		2CB43E3C278EB62500C836CF /* HTTPMethod.swift in Sources */ = {isa = PBXBuildFile; fileRef = 2CB43E3B278EB62500C836CF /* HTTPMethod.swift */; };
		2CB43E43278EB85000C836CF /* MovieService.swift in Sources */ = {isa = PBXBuildFile; fileRef = 2CB43E42278EB85000C836CF /* MovieService.swift */; };
		2CB43E46278EB8D800C836CF /* MovieResponseBody.swift in Sources */ = {isa = PBXBuildFile; fileRef = 2CB43E45278EB8D800C836CF /* MovieResponseBody.swift */; };
		2CB43E49278EB94D00C836CF /* MoviesRouter.swift in Sources */ = {isa = PBXBuildFile; fileRef = 2CB43E48278EB94D00C836CF /* MoviesRouter.swift */; };
		2CB43E4B278EC30700C836CF /* AboutAppViewController.swift in Sources */ = {isa = PBXBuildFile; fileRef = 2CB43E4A278EC30700C836CF /* AboutAppViewController.swift */; };
/* End PBXBuildFile section */

/* Begin PBXFileReference section */
		2CB43E0A278EB15A00C836CF /* VitadioChallenge.app */ = {isa = PBXFileReference; explicitFileType = wrapper.application; includeInIndex = 0; path = VitadioChallenge.app; sourceTree = BUILT_PRODUCTS_DIR; };
		2CB43E0D278EB15A00C836CF /* AppDelegate.swift */ = {isa = PBXFileReference; lastKnownFileType = sourcecode.swift; path = AppDelegate.swift; sourceTree = "<group>"; };
		2CB43E0F278EB15A00C836CF /* SceneDelegate.swift */ = {isa = PBXFileReference; lastKnownFileType = sourcecode.swift; path = SceneDelegate.swift; sourceTree = "<group>"; };
		2CB43E11278EB15A00C836CF /* MoviewSearchViewController.swift */ = {isa = PBXFileReference; lastKnownFileType = sourcecode.swift; path = MoviewSearchViewController.swift; sourceTree = "<group>"; };
		2CB43E16278EB15B00C836CF /* Assets.xcassets */ = {isa = PBXFileReference; lastKnownFileType = folder.assetcatalog; path = Assets.xcassets; sourceTree = "<group>"; };
		2CB43E19278EB15B00C836CF /* Base */ = {isa = PBXFileReference; lastKnownFileType = file.storyboard; name = Base; path = Base.lproj/LaunchScreen.storyboard; sourceTree = "<group>"; };
		2CB43E1B278EB15B00C836CF /* Info.plist */ = {isa = PBXFileReference; lastKnownFileType = text.plist.xml; path = Info.plist; sourceTree = "<group>"; };
		2CB43E22278EB2B600C836CF /* MainAppCoordinator.swift */ = {isa = PBXFileReference; lastKnownFileType = sourcecode.swift; path = MainAppCoordinator.swift; sourceTree = "<group>"; };
		2CB43E25278EB30200C836CF /* CoordinatorProtocol.swift */ = {isa = PBXFileReference; lastKnownFileType = sourcecode.swift; path = CoordinatorProtocol.swift; sourceTree = "<group>"; };
		2CB43E27278EB32600C836CF /* MovieSearchCoordinator.swift */ = {isa = PBXFileReference; lastKnownFileType = sourcecode.swift; path = MovieSearchCoordinator.swift; sourceTree = "<group>"; };
		2CB43E29278EB32F00C836CF /* AboutAppCoordinator.swift */ = {isa = PBXFileReference; lastKnownFileType = sourcecode.swift; path = AboutAppCoordinator.swift; sourceTree = "<group>"; };
		2CB43E2E278EB50500C836CF /* MovieSearchViewModel.swift */ = {isa = PBXFileReference; lastKnownFileType = sourcecode.swift; path = MovieSearchViewModel.swift; sourceTree = "<group>"; };
		2CB43E33278EB57C00C836CF /* ApiConvertible.swift */ = {isa = PBXFileReference; lastKnownFileType = sourcecode.swift; path = ApiConvertible.swift; sourceTree = "<group>"; };
		2CB43E35278EB58800C836CF /* ApiManager.swift */ = {isa = PBXFileReference; lastKnownFileType = sourcecode.swift; path = ApiManager.swift; sourceTree = "<group>"; };
		2CB43E37278EB59700C836CF /* ApiError.swift */ = {isa = PBXFileReference; lastKnownFileType = sourcecode.swift; path = ApiError.swift; sourceTree = "<group>"; };
		2CB43E39278EB5A800C836CF /* ApiCommunication.swift */ = {isa = PBXFileReference; lastKnownFileType = sourcecode.swift; path = ApiCommunication.swift; sourceTree = "<group>"; };
		2CB43E3B278EB62500C836CF /* HTTPMethod.swift */ = {isa = PBXFileReference; lastKnownFileType = sourcecode.swift; path = HTTPMethod.swift; sourceTree = "<group>"; };
		2CB43E42278EB85000C836CF /* MovieService.swift */ = {isa = PBXFileReference; lastKnownFileType = sourcecode.swift; path = MovieService.swift; sourceTree = "<group>"; };
		2CB43E45278EB8D800C836CF /* MovieResponseBody.swift */ = {isa = PBXFileReference; lastKnownFileType = sourcecode.swift; path = MovieResponseBody.swift; sourceTree = "<group>"; };
		2CB43E48278EB94D00C836CF /* MoviesRouter.swift */ = {isa = PBXFileReference; lastKnownFileType = sourcecode.swift; path = MoviesRouter.swift; sourceTree = "<group>"; };
		2CB43E4A278EC30700C836CF /* AboutAppViewController.swift */ = {isa = PBXFileReference; lastKnownFileType = sourcecode.swift; path = AboutAppViewController.swift; sourceTree = "<group>"; };
/* End PBXFileReference section */

/* Begin PBXFrameworksBuildPhase section */
		2CB43E07278EB15A00C836CF /* Frameworks */ = {
			isa = PBXFrameworksBuildPhase;
			buildActionMask = 2147483647;
			files = (
			);
			runOnlyForDeploymentPostprocessing = 0;
		};
/* End PBXFrameworksBuildPhase section */

/* Begin PBXGroup section */
		2CB43E01278EB15A00C836CF = {
			isa = PBXGroup;
			children = (
				2CB43E0C278EB15A00C836CF /* VitadioChallenge */,
				2CB43E0B278EB15A00C836CF /* Products */,
			);
			sourceTree = "<group>";
		};
		2CB43E0B278EB15A00C836CF /* Products */ = {
			isa = PBXGroup;
			children = (
				2CB43E0A278EB15A00C836CF /* VitadioChallenge.app */,
			);
			name = Products;
			sourceTree = "<group>";
		};
		2CB43E0C278EB15A00C836CF /* VitadioChallenge */ = {
			isa = PBXGroup;
			children = (
				2CB43E21278EB2AB00C836CF /* Coordinators */,
				2CB43E30278EB53D00C836CF /* Networking */,
				2CB43E2B278EB4EA00C836CF /* Screens */,
				2CB43E41278EB84500C836CF /* Services */,
				2CB43E0D278EB15A00C836CF /* AppDelegate.swift */,
				2CB43E16278EB15B00C836CF /* Assets.xcassets */,
				2CB43E1B278EB15B00C836CF /* Info.plist */,
				2CB43E18278EB15B00C836CF /* LaunchScreen.storyboard */,
				2CB43E0F278EB15A00C836CF /* SceneDelegate.swift */,
			);
			path = VitadioChallenge;
			sourceTree = "<group>";
		};
		2CB43E21278EB2AB00C836CF /* Coordinators */ = {
			isa = PBXGroup;
			children = (
				2CB43E24278EB2E800C836CF /* Protocols */,
				2CB43E22278EB2B600C836CF /* MainAppCoordinator.swift */,
				2CB43E27278EB32600C836CF /* MovieSearchCoordinator.swift */,
				2CB43E29278EB32F00C836CF /* AboutAppCoordinator.swift */,
			);
			path = Coordinators;
			sourceTree = "<group>";
		};
		2CB43E24278EB2E800C836CF /* Protocols */ = {
			isa = PBXGroup;
			children = (
				2CB43E25278EB30200C836CF /* CoordinatorProtocol.swift */,
			);
			path = Protocols;
			sourceTree = "<group>";
		};
		2CB43E2B278EB4EA00C836CF /* Screens */ = {
			isa = PBXGroup;
			children = (
				2CB43E2D278EB4F700C836CF /* AboutApp */,
				2CB43E2C278EB4F100C836CF /* MovieSearch */,
			);
			path = Screens;
			sourceTree = "<group>";
		};
		2CB43E2C278EB4F100C836CF /* MovieSearch */ = {
			isa = PBXGroup;
			children = (
				2CB43E11278EB15A00C836CF /* MoviewSearchViewController.swift */,
				2CB43E2E278EB50500C836CF /* MovieSearchViewModel.swift */,
			);
			path = MovieSearch;
			sourceTree = "<group>";
		};
		2CB43E2D278EB4F700C836CF /* AboutApp */ = {
			isa = PBXGroup;
			children = (
				2CB43E4A278EC30700C836CF /* AboutAppViewController.swift */,
			);
			path = AboutApp;
			sourceTree = "<group>";
		};
		2CB43E30278EB53D00C836CF /* Networking */ = {
			isa = PBXGroup;
			children = (
				2CB43E32278EB54A00C836CF /* ApiManager */,
				2CB43E31278EB54400C836CF /* Routers */,
			);
			path = Networking;
			sourceTree = "<group>";
		};
		2CB43E31278EB54400C836CF /* Routers */ = {
			isa = PBXGroup;
			children = (
				2CB43E47278EB94300C836CF /* Movies */,
			);
			path = Routers;
			sourceTree = "<group>";
		};
		2CB43E32278EB54A00C836CF /* ApiManager */ = {
			isa = PBXGroup;
			children = (
				2CB43E3F278EB7F700C836CF /* Protocols+Settings */,
				2CB43E39278EB5A800C836CF /* ApiCommunication.swift */,
			);
			path = ApiManager;
			sourceTree = "<group>";
		};
		2CB43E3F278EB7F700C836CF /* Protocols+Settings */ = {
			isa = PBXGroup;
			children = (
				2CB43E37278EB59700C836CF /* ApiError.swift */,
				2CB43E3B278EB62500C836CF /* HTTPMethod.swift */,
				2CB43E35278EB58800C836CF /* ApiManager.swift */,
				2CB43E33278EB57C00C836CF /* ApiConvertible.swift */,
			);
			path = "Protocols+Settings";
			sourceTree = "<group>";
		};
		2CB43E41278EB84500C836CF /* Services */ = {
			isa = PBXGroup;
			children = (
				2CB43E44278EB89300C836CF /* ResponseBody */,
				2CB43E42278EB85000C836CF /* MovieService.swift */,
			);
			path = Services;
			sourceTree = "<group>";
		};
		2CB43E44278EB89300C836CF /* ResponseBody */ = {
			isa = PBXGroup;
			children = (
				2CB43E45278EB8D800C836CF /* MovieResponseBody.swift */,
			);
			path = ResponseBody;
			sourceTree = "<group>";
		};
		2CB43E47278EB94300C836CF /* Movies */ = {
			isa = PBXGroup;
			children = (
				2CB43E48278EB94D00C836CF /* MoviesRouter.swift */,
			);
			path = Movies;
			sourceTree = "<group>";
		};
/* End PBXGroup section */

/* Begin PBXNativeTarget section */
		2CB43E09278EB15A00C836CF /* VitadioChallenge */ = {
			isa = PBXNativeTarget;
			buildConfigurationList = 2CB43E1E278EB15B00C836CF /* Build configuration list for PBXNativeTarget "VitadioChallenge" */;
			buildPhases = (
				2CB43E06278EB15A00C836CF /* Sources */,
				2CB43E07278EB15A00C836CF /* Frameworks */,
				2CB43E08278EB15A00C836CF /* Resources */,
			);
			buildRules = (
			);
			dependencies = (
			);
			name = VitadioChallenge;
			productName = VitadioChallenge;
			productReference = 2CB43E0A278EB15A00C836CF /* VitadioChallenge.app */;
			productType = "com.apple.product-type.application";
		};
/* End PBXNativeTarget section */

/* Begin PBXProject section */
		2CB43E02278EB15A00C836CF /* Project object */ = {
			isa = PBXProject;
			attributes = {
				BuildIndependentTargetsInParallel = 1;
				LastSwiftUpdateCheck = 1310;
				LastUpgradeCheck = 1310;
				TargetAttributes = {
					2CB43E09278EB15A00C836CF = {
						CreatedOnToolsVersion = 13.1;
					};
				};
			};
			buildConfigurationList = 2CB43E05278EB15A00C836CF /* Build configuration list for PBXProject "VitadioChallenge" */;
			compatibilityVersion = "Xcode 13.0";
			developmentRegion = en;
			hasScannedForEncodings = 0;
			knownRegions = (
				en,
				Base,
			);
			mainGroup = 2CB43E01278EB15A00C836CF;
			productRefGroup = 2CB43E0B278EB15A00C836CF /* Products */;
			projectDirPath = "";
			projectRoot = "";
			targets = (
				2CB43E09278EB15A00C836CF /* VitadioChallenge */,
			);
		};
/* End PBXProject section */

/* Begin PBXResourcesBuildPhase section */
		2CB43E08278EB15A00C836CF /* Resources */ = {
			isa = PBXResourcesBuildPhase;
			buildActionMask = 2147483647;
			files = (
				2CB43E1A278EB15B00C836CF /* LaunchScreen.storyboard in Resources */,
				2CB43E17278EB15B00C836CF /* Assets.xcassets in Resources */,
			);
			runOnlyForDeploymentPostprocessing = 0;
		};
/* End PBXResourcesBuildPhase section */

/* Begin PBXSourcesBuildPhase section */
		2CB43E06278EB15A00C836CF /* Sources */ = {
			isa = PBXSourcesBuildPhase;
			buildActionMask = 2147483647;
			files = (
				2CB43E4B278EC30700C836CF /* AboutAppViewController.swift in Sources */,
				2CB43E38278EB59700C836CF /* ApiError.swift in Sources */,
				2CB43E49278EB94D00C836CF /* MoviesRouter.swift in Sources */,
				2CB43E3A278EB5A800C836CF /* ApiCommunication.swift in Sources */,
				2CB43E12278EB15A00C836CF /* MoviewSearchViewController.swift in Sources */,
				2CB43E23278EB2B600C836CF /* MainAppCoordinator.swift in Sources */,
				2CB43E36278EB58800C836CF /* ApiManager.swift in Sources */,
				2CB43E26278EB30200C836CF /* CoordinatorProtocol.swift in Sources */,
				2CB43E43278EB85000C836CF /* MovieService.swift in Sources */,
				2CB43E2A278EB32F00C836CF /* AboutAppCoordinator.swift in Sources */,
				2CB43E28278EB32600C836CF /* MovieSearchCoordinator.swift in Sources */,
				2CB43E34278EB57C00C836CF /* ApiConvertible.swift in Sources */,
				2CB43E0E278EB15A00C836CF /* AppDelegate.swift in Sources */,
				2CB43E3C278EB62500C836CF /* HTTPMethod.swift in Sources */,
				2CB43E10278EB15A00C836CF /* SceneDelegate.swift in Sources */,
				2CB43E2F278EB50500C836CF /* MovieSearchViewModel.swift in Sources */,
				2CB43E46278EB8D800C836CF /* MovieResponseBody.swift in Sources */,
			);
			runOnlyForDeploymentPostprocessing = 0;
		};
/* End PBXSourcesBuildPhase section */

/* Begin PBXVariantGroup section */
		2CB43E18278EB15B00C836CF /* LaunchScreen.storyboard */ = {
			isa = PBXVariantGroup;
			children = (
				2CB43E19278EB15B00C836CF /* Base */,
			);
			name = LaunchScreen.storyboard;
			sourceTree = "<group>";
		};
/* End PBXVariantGroup section */

/* Begin XCBuildConfiguration section */
		2CB43E1C278EB15B00C836CF /* Debug */ = {
			isa = XCBuildConfiguration;
			buildSettings = {
				ALWAYS_SEARCH_USER_PATHS = NO;
				CLANG_ANALYZER_NONNULL = YES;
				CLANG_ANALYZER_NUMBER_OBJECT_CONVERSION = YES_AGGRESSIVE;
				CLANG_CXX_LANGUAGE_STANDARD = "gnu++17";
				CLANG_CXX_LIBRARY = "libc++";
				CLANG_ENABLE_MODULES = YES;
				CLANG_ENABLE_OBJC_ARC = YES;
				CLANG_ENABLE_OBJC_WEAK = YES;
				CLANG_WARN_BLOCK_CAPTURE_AUTORELEASING = YES;
				CLANG_WARN_BOOL_CONVERSION = YES;
				CLANG_WARN_COMMA = YES;
				CLANG_WARN_CONSTANT_CONVERSION = YES;
				CLANG_WARN_DEPRECATED_OBJC_IMPLEMENTATIONS = YES;
				CLANG_WARN_DIRECT_OBJC_ISA_USAGE = YES_ERROR;
				CLANG_WARN_DOCUMENTATION_COMMENTS = YES;
				CLANG_WARN_EMPTY_BODY = YES;
				CLANG_WARN_ENUM_CONVERSION = YES;
				CLANG_WARN_INFINITE_RECURSION = YES;
				CLANG_WARN_INT_CONVERSION = YES;
				CLANG_WARN_NON_LITERAL_NULL_CONVERSION = YES;
				CLANG_WARN_OBJC_IMPLICIT_RETAIN_SELF = YES;
				CLANG_WARN_OBJC_LITERAL_CONVERSION = YES;
				CLANG_WARN_OBJC_ROOT_CLASS = YES_ERROR;
				CLANG_WARN_QUOTED_INCLUDE_IN_FRAMEWORK_HEADER = YES;
				CLANG_WARN_RANGE_LOOP_ANALYSIS = YES;
				CLANG_WARN_STRICT_PROTOTYPES = YES;
				CLANG_WARN_SUSPICIOUS_MOVE = YES;
				CLANG_WARN_UNGUARDED_AVAILABILITY = YES_AGGRESSIVE;
				CLANG_WARN_UNREACHABLE_CODE = YES;
				CLANG_WARN__DUPLICATE_METHOD_MATCH = YES;
				COPY_PHASE_STRIP = NO;
				DEBUG_INFORMATION_FORMAT = dwarf;
				ENABLE_STRICT_OBJC_MSGSEND = YES;
				ENABLE_TESTABILITY = YES;
				GCC_C_LANGUAGE_STANDARD = gnu11;
				GCC_DYNAMIC_NO_PIC = NO;
				GCC_NO_COMMON_BLOCKS = YES;
				GCC_OPTIMIZATION_LEVEL = 0;
				GCC_PREPROCESSOR_DEFINITIONS = (
					"DEBUG=1",
					"$(inherited)",
				);
				GCC_WARN_64_TO_32_BIT_CONVERSION = YES;
				GCC_WARN_ABOUT_RETURN_TYPE = YES_ERROR;
				GCC_WARN_UNDECLARED_SELECTOR = YES;
				GCC_WARN_UNINITIALIZED_AUTOS = YES_AGGRESSIVE;
				GCC_WARN_UNUSED_FUNCTION = YES;
				GCC_WARN_UNUSED_VARIABLE = YES;
				IPHONEOS_DEPLOYMENT_TARGET = 15.0;
				MTL_ENABLE_DEBUG_INFO = INCLUDE_SOURCE;
				MTL_FAST_MATH = YES;
				ONLY_ACTIVE_ARCH = YES;
				SDKROOT = iphoneos;
				SWIFT_ACTIVE_COMPILATION_CONDITIONS = DEBUG;
				SWIFT_OPTIMIZATION_LEVEL = "-Onone";
			};
			name = Debug;
		};
		2CB43E1D278EB15B00C836CF /* Release */ = {
			isa = XCBuildConfiguration;
			buildSettings = {
				ALWAYS_SEARCH_USER_PATHS = NO;
				CLANG_ANALYZER_NONNULL = YES;
				CLANG_ANALYZER_NUMBER_OBJECT_CONVERSION = YES_AGGRESSIVE;
				CLANG_CXX_LANGUAGE_STANDARD = "gnu++17";
				CLANG_CXX_LIBRARY = "libc++";
				CLANG_ENABLE_MODULES = YES;
				CLANG_ENABLE_OBJC_ARC = YES;
				CLANG_ENABLE_OBJC_WEAK = YES;
				CLANG_WARN_BLOCK_CAPTURE_AUTORELEASING = YES;
				CLANG_WARN_BOOL_CONVERSION = YES;
				CLANG_WARN_COMMA = YES;
				CLANG_WARN_CONSTANT_CONVERSION = YES;
				CLANG_WARN_DEPRECATED_OBJC_IMPLEMENTATIONS = YES;
				CLANG_WARN_DIRECT_OBJC_ISA_USAGE = YES_ERROR;
				CLANG_WARN_DOCUMENTATION_COMMENTS = YES;
				CLANG_WARN_EMPTY_BODY = YES;
				CLANG_WARN_ENUM_CONVERSION = YES;
				CLANG_WARN_INFINITE_RECURSION = YES;
				CLANG_WARN_INT_CONVERSION = YES;
				CLANG_WARN_NON_LITERAL_NULL_CONVERSION = YES;
				CLANG_WARN_OBJC_IMPLICIT_RETAIN_SELF = YES;
				CLANG_WARN_OBJC_LITERAL_CONVERSION = YES;
				CLANG_WARN_OBJC_ROOT_CLASS = YES_ERROR;
				CLANG_WARN_QUOTED_INCLUDE_IN_FRAMEWORK_HEADER = YES;
				CLANG_WARN_RANGE_LOOP_ANALYSIS = YES;
				CLANG_WARN_STRICT_PROTOTYPES = YES;
				CLANG_WARN_SUSPICIOUS_MOVE = YES;
				CLANG_WARN_UNGUARDED_AVAILABILITY = YES_AGGRESSIVE;
				CLANG_WARN_UNREACHABLE_CODE = YES;
				CLANG_WARN__DUPLICATE_METHOD_MATCH = YES;
				COPY_PHASE_STRIP = NO;
				DEBUG_INFORMATION_FORMAT = "dwarf-with-dsym";
				ENABLE_NS_ASSERTIONS = NO;
				ENABLE_STRICT_OBJC_MSGSEND = YES;
				GCC_C_LANGUAGE_STANDARD = gnu11;
				GCC_NO_COMMON_BLOCKS = YES;
				GCC_WARN_64_TO_32_BIT_CONVERSION = YES;
				GCC_WARN_ABOUT_RETURN_TYPE = YES_ERROR;
				GCC_WARN_UNDECLARED_SELECTOR = YES;
				GCC_WARN_UNINITIALIZED_AUTOS = YES_AGGRESSIVE;
				GCC_WARN_UNUSED_FUNCTION = YES;
				GCC_WARN_UNUSED_VARIABLE = YES;
				IPHONEOS_DEPLOYMENT_TARGET = 15.0;
				MTL_ENABLE_DEBUG_INFO = NO;
				MTL_FAST_MATH = YES;
				SDKROOT = iphoneos;
				SWIFT_COMPILATION_MODE = wholemodule;
				SWIFT_OPTIMIZATION_LEVEL = "-O";
				VALIDATE_PRODUCT = YES;
			};
			name = Release;
		};
		2CB43E1F278EB15B00C836CF /* Debug */ = {
			isa = XCBuildConfiguration;
			buildSettings = {
				ASSETCATALOG_COMPILER_APPICON_NAME = AppIcon;
				ASSETCATALOG_COMPILER_GLOBAL_ACCENT_COLOR_NAME = AccentColor;
				CODE_SIGN_STYLE = Automatic;
				CURRENT_PROJECT_VERSION = 1;
				GENERATE_INFOPLIST_FILE = YES;
				INFOPLIST_FILE = VitadioChallenge/Info.plist;
				INFOPLIST_KEY_UIApplicationSupportsIndirectInputEvents = YES;
				INFOPLIST_KEY_UILaunchStoryboardName = LaunchScreen;
				INFOPLIST_KEY_UISupportedInterfaceOrientations_iPad = "UIInterfaceOrientationPortrait UIInterfaceOrientationPortraitUpsideDown UIInterfaceOrientationLandscapeLeft UIInterfaceOrientationLandscapeRight";
				INFOPLIST_KEY_UISupportedInterfaceOrientations_iPhone = "UIInterfaceOrientationPortrait UIInterfaceOrientationLandscapeLeft UIInterfaceOrientationLandscapeRight";
				IPHONEOS_DEPLOYMENT_TARGET = 14.0;
				LD_RUNPATH_SEARCH_PATHS = (
					"$(inherited)",
					"@executable_path/Frameworks",
				);
				MARKETING_VERSION = 1.0;
				PRODUCT_BUNDLE_IDENTIFIER = com.vitadio.VitadioChallenge;
				PRODUCT_NAME = "$(TARGET_NAME)";
				SWIFT_EMIT_LOC_STRINGS = YES;
				SWIFT_VERSION = 5.0;
				TARGETED_DEVICE_FAMILY = 1;
			};
			name = Debug;
		};
		2CB43E20278EB15B00C836CF /* Release */ = {
			isa = XCBuildConfiguration;
			buildSettings = {
				ASSETCATALOG_COMPILER_APPICON_NAME = AppIcon;
				ASSETCATALOG_COMPILER_GLOBAL_ACCENT_COLOR_NAME = AccentColor;
				CODE_SIGN_STYLE = Automatic;
				CURRENT_PROJECT_VERSION = 1;
				GENERATE_INFOPLIST_FILE = YES;
				INFOPLIST_FILE = VitadioChallenge/Info.plist;
				INFOPLIST_KEY_UIApplicationSupportsIndirectInputEvents = YES;
				INFOPLIST_KEY_UILaunchStoryboardName = LaunchScreen;
				INFOPLIST_KEY_UISupportedInterfaceOrientations_iPad = "UIInterfaceOrientationPortrait UIInterfaceOrientationPortraitUpsideDown UIInterfaceOrientationLandscapeLeft UIInterfaceOrientationLandscapeRight";
				INFOPLIST_KEY_UISupportedInterfaceOrientations_iPhone = "UIInterfaceOrientationPortrait UIInterfaceOrientationLandscapeLeft UIInterfaceOrientationLandscapeRight";
				IPHONEOS_DEPLOYMENT_TARGET = 14.0;
				LD_RUNPATH_SEARCH_PATHS = (
					"$(inherited)",
					"@executable_path/Frameworks",
				);
				MARKETING_VERSION = 1.0;
				PRODUCT_BUNDLE_IDENTIFIER = com.vitadio.VitadioChallenge;
				PRODUCT_NAME = "$(TARGET_NAME)";
				SWIFT_EMIT_LOC_STRINGS = YES;
				SWIFT_VERSION = 5.0;
				TARGETED_DEVICE_FAMILY = 1;
			};
			name = Release;
		};
/* End XCBuildConfiguration section */

/* Begin XCConfigurationList section */
		2CB43E05278EB15A00C836CF /* Build configuration list for PBXProject "VitadioChallenge" */ = {
			isa = XCConfigurationList;
			buildConfigurations = (
				2CB43E1C278EB15B00C836CF /* Debug */,
				2CB43E1D278EB15B00C836CF /* Release */,
			);
			defaultConfigurationIsVisible = 0;
			defaultConfigurationName = Release;
		};
		2CB43E1E278EB15B00C836CF /* Build configuration list for PBXNativeTarget "VitadioChallenge" */ = {
			isa = XCConfigurationList;
			buildConfigurations = (
				2CB43E1F278EB15B00C836CF /* Debug */,
				2CB43E20278EB15B00C836CF /* Release */,
			);
			defaultConfigurationIsVisible = 0;
			defaultConfigurationName = Release;
		};
/* End XCConfigurationList section */
	};
	rootObject = 2CB43E02278EB15A00C836CF /* Project object */;
}
